{
  "name": "@picofuture/tomo-telemetry-sdk",
  "version": "0.1.7",
  "lockfileVersion": 3,
  "requires": true,
  "packages": {
    "": {
      "name": "@picofuture/tomo-telemetry-sdk",
      "version": "0.1.7",
      "license": "MIT",
      "dependencies": {
        "detect-runtime": "^1.0.4"
      }
    },
    "node_modules/detect-runtime": {
      "version": "1.0.4",
      "resolved": "https://registry.npmjs.org/detect-runtime/-/detect-runtime-1.0.4.tgz",
      "integrity": "sha512-oJJu3EzRFbmJcflC0Z55Gs08z7lOZ+68HsegIOVmg9WjDFdolJ/PoHQokv+usWcBqyZvUSVdrpDghOhoZCXJyw==",
      "deprecated": "Package no longer supported. Contact Support at https://www.npmjs.com/support for more info."
    }
  }
}
